
Microsoft Visual Studio Solution File, Format Version 12.00
# Visual Studio Version 17
VisualStudioVersion = 17.5.33516.290
MinimumVisualStudioVersion = 10.0.40219.1
Project("{FAE04EC0-301F-11D3-BF4B-00C04F79EFBC}") = "Oborydovanue_Deliverier", "Oborydovanue_Deliverier\Oborydovanue_Deliverier.csproj", "{05198DB5-746B-41FA-A830-5AFB441A38DB}"
EndProject
Project("{FAE04EC0-301F-11D3-BF4B-00C04F79EFBC}") = "Oborydovanue_StoreEmployee", "Oborydovanue_StoreEmployee\Oborydovanue_StoreEmployee.csproj", "{EDCDFBDD-C07F-4B56-AEBF-BA44B2A5F226}"
EndProject
Project("{FAE04EC0-301F-11D3-BF4B-00C04F79EFBC}") = "Oborydovanie_Client", "Oborydovanie_Client\Oborydovanie_Client.csproj", "{BDA3DF5E-B7C5-46A4-84C9-FA7AA4824B2B}"
EndProject
Project("{FAE04EC0-301F-11D3-BF4B-00C04F79EFBC}") = "Oborydovanue_Manager", "Oborydovanue_Manager\Oborydovanue_Manager.csproj", "{9E2EC838-AF95-42E6-AE8E-37F53E45F438}"
EndProject
Project("{FAE04EC0-301F-11D3-BF4B-00C04F79EFBC}") = "instrymentu", "instrymentu\instrymentu.csproj", "{9EE07E16-5C8A-4C4D-A743-FB309E5E17F8}"
EndProject
Project("{FAE04EC0-301F-11D3-BF4B-00C04F79EFBC}") = "Oborydovanue_StoreAdmin", "Oborydovanue_StoreAdmin\Oborydovanue_StoreAdmin.csproj", "{6EE71004-CFE7-4003-939A-AD04363786E1}"
EndProject
Project("{FAE04EC0-301F-11D3-BF4B-00C04F79EFBC}") = "Oborydovanue_Engineer", "Oborydovanue_Engineer\Oborydovanue_Engineer.csproj", "{B5AD5BAC-371F-4996-A69C-9A5C61CF062E}"
EndProject
Global
	GlobalSection(SolutionConfigurationPlatforms) = preSolution
		Debug|Any CPU = Debug|Any CPU
		Release|Any CPU = Release|Any CPU
	EndGlobalSection
	GlobalSection(ProjectConfigurationPlatforms) = postSolution
		{05198DB5-746B-41FA-A830-5AFB441A38DB}.Debug|Any CPU.ActiveCfg = Debug|Any CPU
		{05198DB5-746B-41FA-A830-5AFB441A38DB}.Debug|Any CPU.Build.0 = Debug|Any CPU
		{05198DB5-746B-41FA-A830-5AFB441A38DB}.Release|Any CPU.ActiveCfg = Release|Any CPU
		{05198DB5-746B-41FA-A830-5AFB441A38DB}.Release|Any CPU.Build.0 = Release|Any CPU
		{EDCDFBDD-C07F-4B56-AEBF-BA44B2A5F226}.Debug|Any CPU.ActiveCfg = Debug|Any CPU
		{EDCDFBDD-C07F-4B56-AEBF-BA44B2A5F226}.Debug|Any CPU.Build.0 = Debug|Any CPU
		{EDCDFBDD-C07F-4B56-AEBF-BA44B2A5F226}.Release|Any CPU.ActiveCfg = Release|Any CPU
		{EDCDFBDD-C07F-4B56-AEBF-BA44B2A5F226}.Release|Any CPU.Build.0 = Release|Any CPU
		{BDA3DF5E-B7C5-46A4-84C9-FA7AA4824B2B}.Debug|Any CPU.ActiveCfg = Debug|Any CPU
		{BDA3DF5E-B7C5-46A4-84C9-FA7AA4824B2B}.Debug|Any CPU.Build.0 = Debug|Any CPU
		{BDA3DF5E-B7C5-46A4-84C9-FA7AA4824B2B}.Release|Any CPU.ActiveCfg = Release|Any CPU
		{BDA3DF5E-B7C5-46A4-84C9-FA7AA4824B2B}.Release|Any CPU.Build.0 = Release|Any CPU
		{9E2EC838-AF95-42E6-AE8E-37F53E45F438}.Debug|Any CPU.ActiveCfg = Debug|Any CPU
		{9E2EC838-AF95-42E6-AE8E-37F53E45F438}.Debug|Any CPU.Build.0 = Debug|Any CPU
		{9E2EC838-AF95-42E6-AE8E-37F53E45F438}.Release|Any CPU.ActiveCfg = Release|Any CPU
		{9E2EC838-AF95-42E6-AE8E-37F53E45F438}.Release|Any CPU.Build.0 = Release|Any CPU
		{9EE07E16-5C8A-4C4D-A743-FB309E5E17F8}.Debug|Any CPU.ActiveCfg = Debug|Any CPU
		{9EE07E16-5C8A-4C4D-A743-FB309E5E17F8}.Debug|Any CPU.Build.0 = Debug|Any CPU
		{9EE07E16-5C8A-4C4D-A743-FB309E5E17F8}.Release|Any CPU.ActiveCfg = Release|Any CPU
		{9EE07E16-5C8A-4C4D-A743-FB309E5E17F8}.Release|Any CPU.Build.0 = Release|Any CPU
		{6EE71004-CFE7-4003-939A-AD04363786E1}.Debug|Any CPU.ActiveCfg = Debug|Any CPU
		{6EE71004-CFE7-4003-939A-AD04363786E1}.Debug|Any CPU.Build.0 = Debug|Any CPU
		{6EE71004-CFE7-4003-939A-AD04363786E1}.Release|Any CPU.ActiveCfg = Release|Any CPU
		{6EE71004-CFE7-4003-939A-AD04363786E1}.Release|Any CPU.Build.0 = Release|Any CPU
		{B5AD5BAC-371F-4996-A69C-9A5C61CF062E}.Debug|Any CPU.ActiveCfg = Debug|Any CPU
		{B5AD5BAC-371F-4996-A69C-9A5C61CF062E}.Debug|Any CPU.Build.0 = Debug|Any CPU
		{B5AD5BAC-371F-4996-A69C-9A5C61CF062E}.Release|Any CPU.ActiveCfg = Release|Any CPU
		{B5AD5BAC-371F-4996-A69C-9A5C61CF062E}.Release|Any CPU.Build.0 = Release|Any CPU
	EndGlobalSection
	GlobalSection(SolutionProperties) = preSolution
		HideSolutionNode = FALSE
	EndGlobalSection
	GlobalSection(ExtensibilityGlobals) = postSolution
		SolutionGuid = {9CDBA0EE-542E-490E-A346-EB047BAE00A9}
	EndGlobalSection
EndGlobal
